// !$*UTF8*$!
{
	archiveVersion = 1;
	classes = {
	};
	objectVersion = 46;
	objects = {

/* Begin PBXBuildFile section */
		2971926D1C2970F400F681B6 /* AppDelegate.swift in Sources */ = {isa = PBXBuildFile; fileRef = 2971926C1C2970F400F681B6 /* AppDelegate.swift */; };
		2971926F1C2970F400F681B6 /* ViewController.swift in Sources */ = {isa = PBXBuildFile; fileRef = 2971926E1C2970F400F681B6 /* ViewController.swift */; };
		297192721C2970F400F681B6 /* Main.storyboard in Resources */ = {isa = PBXBuildFile; fileRef = 297192701C2970F400F681B6 /* Main.storyboard */; };
		297192741C2970F400F681B6 /* Assets.xcassets in Resources */ = {isa = PBXBuildFile; fileRef = 297192731C2970F400F681B6 /* Assets.xcassets */; };
		297192771C2970F400F681B6 /* LaunchScreen.storyboard in Resources */ = {isa = PBXBuildFile; fileRef = 297192751C2970F400F681B6 /* LaunchScreen.storyboard */; };
		297192801C29712800F681B6 /* SwiftBanner.swift in Sources */ = {isa = PBXBuildFile; fileRef = 2971927F1C29712800F681B6 /* SwiftBanner.swift */; };
/* End PBXBuildFile section */

/* Begin PBXFileReference section */
		297192691C2970F400F681B6 /* SwiftBannerDemo.app */ = {isa = PBXFileReference; explicitFileType = wrapper.application; includeInIndex = 0; path = SwiftBannerDemo.app; sourceTree = BUILT_PRODUCTS_DIR; };
		2971926C1C2970F400F681B6 /* AppDelegate.swift */ = {isa = PBXFileReference; lastKnownFileType = sourcecode.swift; path = AppDelegate.swift; sourceTree = "<group>"; };
		2971926E1C2970F400F681B6 /* ViewController.swift */ = {isa = PBXFileReference; lastKnownFileType = sourcecode.swift; path = ViewController.swift; sourceTree = "<group>"; };
		297192711C2970F400F681B6 /* Base */ = {isa = PBXFileReference; lastKnownFileType = file.storyboard; name = Base; path = Base.lproj/Main.storyboard; sourceTree = "<group>"; };
		297192731C2970F400F681B6 /* Assets.xcassets */ = {isa = PBXFileReference; lastKnownFileType = folder.assetcatalog; path = Assets.xcassets; sourceTree = "<group>"; };
		297192761C2970F400F681B6 /* Base */ = {isa = PBXFileReference; lastKnownFileType = file.storyboard; name = Base; path = Base.lproj/LaunchScreen.storyboard; sourceTree = "<group>"; };
		297192781C2970F400F681B6 /* Info.plist */ = {isa = PBXFileReference; lastKnownFileType = text.plist.xml; path = Info.plist; sourceTree = "<group>"; };
		2971927F1C29712800F681B6 /* SwiftBanner.swift */ = {isa = PBXFileReference; fileEncoding = 4; lastKnownFileType = sourcecode.swift; name = SwiftBanner.swift; path = ../../SwiftBanner/SwiftBanner.swift; sourceTree = "<group>"; };
/* End PBXFileReference section */

/* Begin PBXFrameworksBuildPhase section */
		297192661C2970F400F681B6 /* Frameworks */ = {
			isa = PBXFrameworksBuildPhase;
			buildActionMask = 2147483647;
			files = (
			);
			runOnlyForDeploymentPostprocessing = 0;
		};
/* End PBXFrameworksBuildPhase section */

/* Begin PBXGroup section */
		297192601C2970F400F681B6 = {
			isa = PBXGroup;
			children = (
				2971927E1C29711A00F681B6 /* SwiftBanner */,
				2971926B1C2970F400F681B6 /* SwiftBannerDemo */,
				2971926A1C2970F400F681B6 /* Products */,
			);
			sourceTree = "<group>";
		};
		2971926A1C2970F400F681B6 /* Products */ = {
			isa = PBXGroup;
			children = (
				297192691C2970F400F681B6 /* SwiftBannerDemo.app */,
			);
			name = Products;
			sourceTree = "<group>";
		};
		2971926B1C2970F400F681B6 /* SwiftBannerDemo */ = {
			isa = PBXGroup;
			children = (
				2971926C1C2970F400F681B6 /* AppDelegate.swift */,
				2971926E1C2970F400F681B6 /* ViewController.swift */,
				297192701C2970F400F681B6 /* Main.storyboard */,
				297192731C2970F400F681B6 /* Assets.xcassets */,
				297192751C2970F400F681B6 /* LaunchScreen.storyboard */,
				297192781C2970F400F681B6 /* Info.plist */,
			);
			path = SwiftBannerDemo;
			sourceTree = "<group>";
		};
		2971927E1C29711A00F681B6 /* SwiftBanner */ = {
			isa = PBXGroup;
			children = (
				2971927F1C29712800F681B6 /* SwiftBanner.swift */,
			);
			name = SwiftBanner;
			path = SwiftBannerDemo;
			sourceTree = "<group>";
		};
/* End PBXGroup section */

/* Begin PBXNativeTarget section */
		297192681C2970F400F681B6 /* SwiftBannerDemo */ = {
			isa = PBXNativeTarget;
			buildConfigurationList = 2971927B1C2970F400F681B6 /* Build configuration list for PBXNativeTarget "SwiftBannerDemo" */;
			buildPhases = (
				297192651C2970F400F681B6 /* Sources */,
				297192661C2970F400F681B6 /* Frameworks */,
				297192671C2970F400F681B6 /* Resources */,
			);
			buildRules = (
			);
			dependencies = (
			);
			name = SwiftBannerDemo;
			productName = SwiftBannerDemo;
			productReference = 297192691C2970F400F681B6 /* SwiftBannerDemo.app */;
			productType = "com.apple.product-type.application";
		};
/* End PBXNativeTarget section */

/* Begin PBXProject section */
		297192611C2970F400F681B6 /* Project object */ = {
			isa = PBXProject;
			attributes = {
				LastSwiftUpdateCheck = 0720;
				LastUpgradeCheck = 0720;
				ORGANIZATIONNAME = tinyxx;
				TargetAttributes = {
					297192681C2970F400F681B6 = {
						CreatedOnToolsVersion = 7.2;
					};
				};
			};
			buildConfigurationList = 297192641C2970F400F681B6 /* Build configuration list for PBXProject "SwiftBannerDemo" */;
			compatibilityVersion = "Xcode 3.2";
			developmentRegion = English;
			hasScannedForEncodings = 0;
			knownRegions = (
				en,
				Base,
			);
			mainGroup = 297192601C2970F400F681B6;
			productRefGroup = 2971926A1C2970F400F681B6 /* Products */;
			projectDirPath = "";
			projectRoot = "";
			targets = (
				297192681C2970F400F681B6 /* SwiftBannerDemo */,
			);
		};
/* End PBXProject section */

/* Begin PBXResourcesBuildPhase section */
		297192671C2970F400F681B6 /* Resources */ = {
			isa = PBXResourcesBuildPhase;
			buildActionMask = 2147483647;
			files = (
				297192771C2970F400F681B6 /* LaunchScreen.storyboard in Resources */,
				297192741C2970F400F681B6 /* Assets.xcassets in Resources */,
				297192721C2970F400F681B6 /* Main.storyboard in Resources */,
			);
			runOnlyForDeploymentPostprocessing = 0;
		};
/* End PBXResourcesBuildPhase section */

/* Begin PBXSourcesBuildPhase section */
		297192651C2970F400F681B6 /* Sources */ = {
			isa = PBXSourcesBuildPhase;
			buildActionMask = 2147483647;
			files = (
				297192801C29712800F681B6 /* SwiftBanner.swift in Sources */,
				2971926F1C2970F400F681B6 /* ViewController.swift in Sources */,
				2971926D1C2970F400F681B6 /* AppDelegate.swift in Sources */,
			);
			runOnlyForDeploymentPostprocessing = 0;
		};
/* End PBXSourcesBuildPhase section */

/* Begin PBXVariantGroup section */
		297192701C2970F400F681B6 /* Main.storyboard */ = {
			isa = PBXVariantGroup;
			children = (
				297192711C2970F400F681B6 /* Base */,
			);
			name = Main.storyboard;
			sourceTree = "<group>";
		};
		297192751C2970F400F681B6 /* LaunchScreen.storyboard */ = {
			isa = PBXVariantGroup;
			children = (
				297192761C2970F400F681B6 /* Base */,
			);
			name = LaunchScreen.storyboard;
			sourceTree = "<group>";
		};
/* End PBXVariantGroup section */

/* Begin XCBuildConfiguration section */
		297192791C2970F400F681B6 /* Debug */ = {
			isa = XCBuildConfiguration;
			buildSettings = {
				ALWAYS_SEARCH_USER_PATHS = NO;
				CLANG_CXX_LANGUAGE_STANDARD = "gnu++0x";
				CLANG_CXX_LIBRARY = "libc++";
				CLANG_ENABLE_MODULES = YES;
				CLANG_ENABLE_OBJC_ARC = YES;
				CLANG_WARN_BOOL_CONVERSION = YES;
				CLANG_WARN_CONSTANT_CONVERSION = YES;
				CLANG_WARN_DIRECT_OBJC_ISA_USAGE = YES_ERROR;
				CLANG_WARN_EMPTY_BODY = YES;
				CLANG_WARN_ENUM_CONVERSION = YES;
				CLANG_WARN_INT_CONVERSION = YES;
				CLANG_WARN_OBJC_ROOT_CLASS = YES_ERROR;
				CLANG_WARN_UNREACHABLE_CODE = YES;
				CLANG_WARN__DUPLICATE_METHOD_MATCH = YES;
				"CODE_SIGN_IDENTITY[sdk=iphoneos*]" = "iPhone Developer";
				COPY_PHASE_STRIP = NO;
				DEBUG_INFORMATION_FORMAT = dwarf;
				ENABLE_STRICT_OBJC_MSGSEND = YES;
				ENABLE_TESTABILITY = YES;
				GCC_C_LANGUAGE_STANDARD = gnu99;
				GCC_DYNAMIC_NO_PIC = NO;
				GCC_NO_COMMON_BLOCKS = YES;
				GCC_OPTIMIZATION_LEVEL = 0;
				GCC_PREPROCESSOR_DEFINITIONS = (
					"DEBUG=1",
					"$(inherited)",
				);
				GCC_WARN_64_TO_32_BIT_CONVERSION = YES;
				GCC_WARN_ABOUT_RETURN_TYPE = YES_ERROR;
				GCC_WARN_UNDECLARED_SELECTOR = YES;
				GCC_WARN_UNINITIALIZED_AUTOS = YES_AGGRESSIVE;
				GCC_WARN_UNUSED_FUNCTION = YES;
				GCC_WARN_UNUSED_VARIABLE = YES;
				IPHONEOS_DEPLOYMENT_TARGET = 9.2;
				MTL_ENABLE_DEBUG_INFO = YES;
				ONLY_ACTIVE_ARCH = YES;
				SDKROOT = iphoneos;
				SWIFT_OPTIMIZATION_LEVEL = "-Onone";
			};
			name = Debug;
		};
		2971927A1C2970F400F681B6 /* Release */ = {
			isa = XCBuildConfiguration;
			buildSettings = {
				ALWAYS_SEARCH_USER_PATHS = NO;
				CLANG_CXX_LANGUAGE_STANDARD = "gnu++0x";
				CLANG_CXX_LIBRARY = "libc++";
				CLANG_ENABLE_MODULES = YES;
				CLANG_ENABLE_OBJC_ARC = YES;
				CLANG_WARN_BOOL_CONVERSION = YES;
				CLANG_WARN_CONSTANT_CONVERSION = YES;
				CLANG_WARN_DIRECT_OBJC_ISA_USAGE = YES_ERROR;
				CLANG_WARN_EMPTY_BODY = YES;
				CLANG_WARN_ENUM_CONVERSION = YES;
				CLANG_WARN_INT_CONVERSION = YES;
				CLANG_WARN_OBJC_ROOT_CLASS = YES_ERROR;
				CLANG_WARN_UNREACHABLE_CODE = YES;
				CLANG_WARN__DUPLICATE_METHOD_MATCH = YES;
				"CODE_SIGN_IDENTITY[sdk=iphoneos*]" = "iPhone Developer";
				COPY_PHASE_STRIP = NO;
				DEBUG_INFORMATION_FORMAT = "dwarf-with-dsym";
				ENABLE_NS_ASSERTIONS = NO;
				ENABLE_STRICT_OBJC_MSGSEND = YES;
				GCC_C_LANGUAGE_STANDARD = gnu99;
				GCC_NO_COMMON_BLOCKS = YES;
				GCC_WARN_64_TO_32_BIT_CONVERSION = YES;
				GCC_WARN_ABOUT_RETURN_TYPE = YES_ERROR;
				GCC_WARN_UNDECLARED_SELECTOR = YES;
				GCC_WARN_UNINITIALIZED_AUTOS = YES_AGGRESSIVE;
				GCC_WARN_UNUSED_FUNCTION = YES;
				GCC_WARN_UNUSED_VARIABLE = YES;
				IPHONEOS_DEPLOYMENT_TARGET = 9.2;
				MTL_ENABLE_DEBUG_INFO = NO;
				SDKROOT = iphoneos;
				VALIDATE_PRODUCT = YES;
			};
			name = Release;
		};
		2971927C1C2970F400F681B6 /* Debug */ = {
			isa = XCBuildConfiguration;
			buildSettings = {
				ASSETCATALOG_COMPILER_APPICON_NAME = AppIcon;
				INFOPLIST_FILE = SwiftBannerDemo/Info.plist;
				IPHONEOS_DEPLOYMENT_TARGET = 7.0;
				LD_RUNPATH_SEARCH_PATHS = "$(inherited) @executable_path/Frameworks";
				PRODUCT_BUNDLE_IDENTIFIER = com.tinyxx.SwiftBannerDemo;
				PRODUCT_NAME = "$(TARGET_NAME)";
			};
			name = Debug;
		};
		2971927D1C2970F400F681B6 /* Release */ = {
			isa = XCBuildConfiguration;
			buildSettings = {
				ASSETCATALOG_COMPILER_APPICON_NAME = AppIcon;
				INFOPLIST_FILE = SwiftBannerDemo/Info.plist;
				IPHONEOS_DEPLOYMENT_TARGET = 7.0;
				LD_RUNPATH_SEARCH_PATHS = "$(inherited) @executable_path/Frameworks";
				PRODUCT_BUNDLE_IDENTIFIER = com.tinyxx.SwiftBannerDemo;
				PRODUCT_NAME = "$(TARGET_NAME)";
			};
			name = Release;
		};
/* End XCBuildConfiguration section */

/* Begin XCConfigurationList section */
		297192641C2970F400F681B6 /* Build configuration list for PBXProject "SwiftBannerDemo" */ = {
			isa = XCConfigurationList;
			buildConfigurations = (
				297192791C2970F400F681B6 /* Debug */,
				2971927A1C2970F400F681B6 /* Release */,
			);
			defaultConfigurationIsVisible = 0;
			defaultConfigurationName = Release;
		};
		2971927B1C2970F400F681B6 /* Build configuration list for PBXNativeTarget "SwiftBannerDemo" */ = {
			isa = XCConfigurationList;
			buildConfigurations = (
				2971927C1C2970F400F681B6 /* Debug */,
				2971927D1C2970F400F681B6 /* Release */,
			);
			defaultConfigurationIsVisible = 0;
			defaultConfigurationName = Release;
		};
/* End XCConfigurationList section */
	};
	rootObject = 297192611C2970F400F681B6 /* Project object */;
}
